{
  "version": 4,
  "terraform_version": "1.8.2",
  "serial": 10,
  "lineage": "5cee2c22-68a8-2f51-aaeb-0349431b14e8",
  "outputs": {},
  "resources": [
    {
      "mode": "data",
      "type": "azurerm_client_config",
      "name": "current",
      "provider": "provider[\"registry.terraform.io/hashicorp/azurerm\"]",
      "instances": [
        {
          "schema_version": 0,
          "attributes": {
            "client_id": "04b07795-8ddb-461a-bbee-02f9e1bf7b46",
            "id": "2024-05-03 16:07:29.968562182 +0000 UTC",
            "object_id": "",
            "subscription_id": "e3c97b28-213c-4306-9b20-df3f29866c58",
            "tenant_id": "c371d4f5-b34f-4b06-9e66-517fed904220",
            "timeouts": null
          },
          "sensitive_attributes": []
        }
      ]
    },
    {
      "mode": "managed",
      "type": "azurerm_network_interface",
      "name": "main",
      "provider": "provider[\"registry.terraform.io/hashicorp/azurerm\"]",
      "instances": [
        {
          "schema_version": 0,
          "attributes": {
            "applied_dns_servers": [],
            "dns_servers": [],
            "edge_zone": "",
            "enable_accelerated_networking": false,
            "enable_ip_forwarding": false,
            "id": "/subscriptions/e3c97b28-213c-4306-9b20-df3f29866c58/resourceGroups/azure-resources/providers/Microsoft.Network/networkInterfaces/azure-nic",
            "internal_dns_name_label": "",
            "internal_domain_name_suffix": "fixw3hec5zcubof1zuvkp2zzdc.parx.internal.cloudapp.net",
            "ip_configuration": [
              {
                "gateway_load_balancer_frontend_ip_configuration_id": "",
                "name": "internal",
                "primary": true,
                "private_ip_address": "10.0.2.4",
                "private_ip_address_allocation": "Dynamic",
                "private_ip_address_version": "IPv4",
                "public_ip_address_id": "/subscriptions/e3c97b28-213c-4306-9b20-df3f29866c58/resourceGroups/azure-resources/providers/Microsoft.Network/publicIPAddresses/azure-ip",
                "subnet_id": "/subscriptions/e3c97b28-213c-4306-9b20-df3f29866c58/resourceGroups/azure-resources/providers/Microsoft.Network/virtualNetworks/azure-network/subnets/internal"
              }
            ],
            "location": "francecentral",
            "mac_address": "",
            "name": "azure-nic",
            "private_ip_address": "10.0.2.4",
            "private_ip_addresses": [
              "10.0.2.4"
            ],
            "resource_group_name": "azure-resources",
            "tags": null,
            "timeouts": null,
            "virtual_machine_id": ""
          },
          "sensitive_attributes": [],
          "private": "eyJlMmJmYjczMC1lY2FhLTExZTYtOGY4OC0zNDM2M2JjN2M0YzAiOnsiY3JlYXRlIjoxODAwMDAwMDAwMDAwLCJkZWxldGUiOjE4MDAwMDAwMDAwMDAsInJlYWQiOjMwMDAwMDAwMDAwMCwidXBkYXRlIjoxODAwMDAwMDAwMDAwfX0=",
          "dependencies": [
            "azurerm_public_ip.main",
            "azurerm_resource_group.main",
            "azurerm_subnet.internal",
            "azurerm_virtual_network.main"
          ]
        }
      ]
    },
    {
      "mode": "managed",
      "type": "azurerm_network_security_group",
      "name": "main",
      "provider": "provider[\"registry.terraform.io/hashicorp/azurerm\"]",
      "instances": [
        {
          "schema_version": 0,
          "attributes": {
            "id": "/subscriptions/e3c97b28-213c-4306-9b20-df3f29866c58/resourceGroups/azure-resources/providers/Microsoft.Network/networkSecurityGroups/azure-nsg",
            "location": "francecentral",
            "name": "azure-nsg",
            "resource_group_name": "azure-resources",
            "security_rule": [],
            "tags": null,
            "timeouts": null
          },
          "sensitive_attributes": [],
          "private": "eyJlMmJmYjczMC1lY2FhLTExZTYtOGY4OC0zNDM2M2JjN2M0YzAiOnsiY3JlYXRlIjoxODAwMDAwMDAwMDAwLCJkZWxldGUiOjE4MDAwMDAwMDAwMDAsInJlYWQiOjMwMDAwMDAwMDAwMCwidXBkYXRlIjoxODAwMDAwMDAwMDAwfX0=",
          "dependencies": [
            "azurerm_resource_group.main"
          ]
        }
      ]
    },
    {
      "mode": "managed",
      "type": "azurerm_network_security_rule",
      "name": "main",
      "provider": "provider[\"registry.terraform.io/hashicorp/azurerm\"]",
      "instances": [
        {
          "schema_version": 0,
          "attributes": {
            "access": "Allow",
            "description": "",
            "destination_address_prefix": "*",
            "destination_address_prefixes": null,
            "destination_application_security_group_ids": null,
            "destination_port_range": "*",
            "destination_port_ranges": null,
            "direction": "Outbound",
            "id": "/subscriptions/e3c97b28-213c-4306-9b20-df3f29866c58/resourceGroups/azure-resources/providers/Microsoft.Network/networkSecurityGroups/azure-nsg/securityRules/azure-nsg-rule",
            "name": "azure-nsg-rule",
            "network_security_group_name": "azure-nsg",
            "priority": 100,
            "protocol": "Tcp",
            "resource_group_name": "azure-resources",
            "source_address_prefix": "*",
            "source_address_prefixes": null,
            "source_application_security_group_ids": null,
            "source_port_range": "",
            "source_port_ranges": [
              "443",
              "80"
            ],
            "timeouts": null
          },
          "sensitive_attributes": [],
          "private": "eyJlMmJmYjczMC1lY2FhLTExZTYtOGY4OC0zNDM2M2JjN2M0YzAiOnsiY3JlYXRlIjoxODAwMDAwMDAwMDAwLCJkZWxldGUiOjE4MDAwMDAwMDAwMDAsInJlYWQiOjMwMDAwMDAwMDAwMCwidXBkYXRlIjoxODAwMDAwMDAwMDAwfX0=",
          "dependencies": [
            "azurerm_network_security_group.main",
            "azurerm_resource_group.main"
          ]
        }
      ]
    },
    {
      "mode": "managed",
      "type": "azurerm_public_ip",
      "name": "main",
      "provider": "provider[\"registry.terraform.io/hashicorp/azurerm\"]",
      "instances": [
        {
          "schema_version": 0,
          "attributes": {
            "allocation_method": "Static",
            "domain_name_label": null,
            "edge_zone": "",
            "fqdn": null,
            "id": "/subscriptions/e3c97b28-213c-4306-9b20-df3f29866c58/resourceGroups/azure-resources/providers/Microsoft.Network/publicIPAddresses/azure-ip",
            "idle_timeout_in_minutes": 4,
            "ip_address": "52.143.142.241",
            "ip_tags": null,
            "ip_version": "IPv4",
            "location": "francecentral",
            "name": "azure-ip",
            "public_ip_prefix_id": null,
            "resource_group_name": "azure-resources",
            "reverse_fqdn": null,
            "sku": "Basic",
            "sku_tier": "Regional",
            "tags": {
              "environment": "Production"
            },
            "timeouts": null,
            "zones": null
          },
          "sensitive_attributes": [],
          "private": "eyJlMmJmYjczMC1lY2FhLTExZTYtOGY4OC0zNDM2M2JjN2M0YzAiOnsiY3JlYXRlIjoxODAwMDAwMDAwMDAwLCJkZWxldGUiOjE4MDAwMDAwMDAwMDAsInJlYWQiOjMwMDAwMDAwMDAwMCwidXBkYXRlIjoxODAwMDAwMDAwMDAwfX0=",
          "dependencies": [
            "azurerm_resource_group.main"
          ]
        }
      ]
    },
    {
      "mode": "managed",
      "type": "azurerm_resource_group",
      "name": "main",
      "provider": "provider[\"registry.terraform.io/hashicorp/azurerm\"]",
      "instances": [
        {
          "schema_version": 0,
          "attributes": {
            "id": "/subscriptions/e3c97b28-213c-4306-9b20-df3f29866c58/resourceGroups/azure-resources",
            "location": "francecentral",
            "name": "azure-resources",
            "tags": null,
            "timeouts": null
          },
          "sensitive_attributes": [],
          "private": "eyJlMmJmYjczMC1lY2FhLTExZTYtOGY4OC0zNDM2M2JjN2M0YzAiOnsiY3JlYXRlIjo1NDAwMDAwMDAwMDAwLCJkZWxldGUiOjU0MDAwMDAwMDAwMDAsInJlYWQiOjMwMDAwMDAwMDAwMCwidXBkYXRlIjo1NDAwMDAwMDAwMDAwfX0="
        }
      ]
    },
    {
      "mode": "managed",
      "type": "azurerm_ssh_public_key",
      "name": "main",
      "provider": "provider[\"registry.terraform.io/hashicorp/azurerm\"]",
      "instances": [
        {
          "schema_version": 0,
          "attributes": {
            "id": "/subscriptions/e3c97b28-213c-4306-9b20-df3f29866c58/resourceGroups/azure-resources/providers/Microsoft.Compute/sshPublicKeys/azure-ssh",
            "location": "francecentral",
            "name": "azure-ssh",
            "public_key": "ssh-rsa AAAAB3NzaC1yc2EAAAADAQABAAACAQCqjucnrRaNEpl7ZNy13KaasxFRD06iVVMSgufIw4QgxDpI7+jvO0hYR+ggcrjATsnFUzEByS0tCNrwgc83fRrFm3sN7bAq/2YNgu1xX4cN/wO4XF98P+4QC546/0XUkRpRCEhLee9AQLRS2we/9Gq38G39fPWzKZCKSdogwCr2lRn/nWGbMJV2EeXYL9ea4BVs8Kcg315YJ8USM1LeYBU4xcw2TEq1dHx5D6yCOZcab3FpCKmT/gEhAtMru+0wHNRkMP4Jp7PkOdDuJwKhPYllJKA7Cwta/behx8F1/iJCUJupQqHF4F5ZhHkCy4WfN7eFKHJ5Ui/PUga0umFqXgMDVDcnZkNvsQ7Xne2+GttZWBvAYeS3X9dwyAkTwsZE7W7nHNkyCjgAAY5xoSynisrFSu3bNS1nOwWkd8W5MjqBZR/gjlNipEWvhMU0mVXkPeIgGXOgcy07+REBH92Z+2InZYT23Bx+TNOgBi/q68fA+G7GX5VhTEwwRjxphvXsTubffOMyf0B7AHhAJKU+meZ2NYDvbFNPPqD3rqjubhn1OM4aTwX9GqUqZ2n9vYiP14yeGwvfKqP6Bm/cA429kqI+nTZlhHPlWXkvfXaYrcYWu+U4UaaeAUE+GFGD/ds7X3BSXF6G96U8prJ/D4HVkMetW/Pslh36NncHxcPtboUVww== bruantleo@gmail.com\n",
            "resource_group_name": "azure-resources",
            "tags": null,
            "timeouts": null
          },
          "sensitive_attributes": [],
          "private": "eyJlMmJmYjczMC1lY2FhLTExZTYtOGY4OC0zNDM2M2JjN2M0YzAiOnsiY3JlYXRlIjoyNzAwMDAwMDAwMDAwLCJkZWxldGUiOjI3MDAwMDAwMDAwMDAsInJlYWQiOjMwMDAwMDAwMDAwMCwidXBkYXRlIjoyNzAwMDAwMDAwMDAwfX0=",
          "dependencies": [
            "azurerm_resource_group.main"
          ]
        }
      ]
    },
    {
      "mode": "managed",
      "type": "azurerm_subnet",
      "name": "internal",
      "provider": "provider[\"registry.terraform.io/hashicorp/azurerm\"]",
      "instances": [
        {
          "schema_version": 0,
          "attributes": {
            "address_prefixes": [
              "10.0.2.0/24"
            ],
            "delegation": [],
            "enforce_private_link_endpoint_network_policies": false,
            "enforce_private_link_service_network_policies": false,
            "id": "/subscriptions/e3c97b28-213c-4306-9b20-df3f29866c58/resourceGroups/azure-resources/providers/Microsoft.Network/virtualNetworks/azure-network/subnets/internal",
            "name": "internal",
            "resource_group_name": "azure-resources",
            "service_endpoint_policy_ids": null,
            "service_endpoints": null,
            "timeouts": null,
            "virtual_network_name": "azure-network"
          },
          "sensitive_attributes": [],
          "private": "eyJlMmJmYjczMC1lY2FhLTExZTYtOGY4OC0zNDM2M2JjN2M0YzAiOnsiY3JlYXRlIjoxODAwMDAwMDAwMDAwLCJkZWxldGUiOjE4MDAwMDAwMDAwMDAsInJlYWQiOjMwMDAwMDAwMDAwMCwidXBkYXRlIjoxODAwMDAwMDAwMDAwfX0=",
          "dependencies": [
            "azurerm_resource_group.main",
            "azurerm_virtual_network.main"
          ]
        }
      ]
    },
    {
      "mode": "managed",
      "type": "azurerm_virtual_network",
      "name": "main",
      "provider": "provider[\"registry.terraform.io/hashicorp/azurerm\"]",
      "instances": [
        {
          "schema_version": 0,
          "attributes": {
            "address_space": [
              "10.0.0.0/22"
            ],
            "bgp_community": "",
            "ddos_protection_plan": [],
            "dns_servers": [],
            "edge_zone": "",
            "flow_timeout_in_minutes": 0,
            "guid": "9c6e2f2a-fe82-4045-b8bb-cd2aa7f3391a",
            "id": "/subscriptions/e3c97b28-213c-4306-9b20-df3f29866c58/resourceGroups/azure-resources/providers/Microsoft.Network/virtualNetworks/azure-network",
            "location": "francecentral",
            "name": "azure-network",
            "resource_group_name": "azure-resources",
            "subnet": [],
            "tags": null,
            "timeouts": null
          },
          "sensitive_attributes": [],
          "private": "eyJlMmJmYjczMC1lY2FhLTExZTYtOGY4OC0zNDM2M2JjN2M0YzAiOnsiY3JlYXRlIjoxODAwMDAwMDAwMDAwLCJkZWxldGUiOjE4MDAwMDAwMDAwMDAsInJlYWQiOjMwMDAwMDAwMDAwMCwidXBkYXRlIjoxODAwMDAwMDAwMDAwfX0=",
          "dependencies": [
            "azurerm_resource_group.main"
          ]
        }
      ]
    }
  ],
  "check_results": null
}
