{
  "version": 4,
  "terraform_version": "1.8.2",
  "serial": 13,
  "lineage": "5cee2c22-68a8-2f51-aaeb-0349431b14e8",
  "outputs": {},
  "resources": [
    {
      "mode": "data",
      "type": "azurerm_client_config",
      "name": "current",
      "provider": "provider[\"registry.terraform.io/hashicorp/azurerm\"]",
      "instances": [
        {
          "schema_version": 0,
          "attributes": {
            "client_id": "04b07795-8ddb-461a-bbee-02f9e1bf7b46",
            "id": "2024-05-03 16:17:16.822017435 +0000 UTC",
            "object_id": "",
            "subscription_id": "e3c97b28-213c-4306-9b20-df3f29866c58",
            "tenant_id": "c371d4f5-b34f-4b06-9e66-517fed904220",
            "timeouts": null
          },
          "sensitive_attributes": []
        }
      ]
    },
    {
      "mode": "managed",
      "type": "azurerm_linux_virtual_machine",
      "name": "main",
      "provider": "provider[\"registry.terraform.io/hashicorp/azurerm\"]",
      "instances": [
        {
          "schema_version": 0,
          "attributes": {
            "additional_capabilities": [],
            "admin_password": "terraform_azure_pass",
            "admin_ssh_key": [
              {
                "public_key": "ssh-rsa AAAAB3NzaC1yc2EAAAADAQABAAACAQCqjucnrRaNEpl7ZNy13KaasxFRD06iVVMSgufIw4QgxDpI7+jvO0hYR+ggcrjATsnFUzEByS0tCNrwgc83fRrFm3sN7bAq/2YNgu1xX4cN/wO4XF98P+4QC546/0XUkRpRCEhLee9AQLRS2we/9Gq38G39fPWzKZCKSdogwCr2lRn/nWGbMJV2EeXYL9ea4BVs8Kcg315YJ8USM1LeYBU4xcw2TEq1dHx5D6yCOZcab3FpCKmT/gEhAtMru+0wHNRkMP4Jp7PkOdDuJwKhPYllJKA7Cwta/behx8F1/iJCUJupQqHF4F5ZhHkCy4WfN7eFKHJ5Ui/PUga0umFqXgMDVDcnZkNvsQ7Xne2+GttZWBvAYeS3X9dwyAkTwsZE7W7nHNkyCjgAAY5xoSynisrFSu3bNS1nOwWkd8W5MjqBZR/gjlNipEWvhMU0mVXkPeIgGXOgcy07+REBH92Z+2InZYT23Bx+TNOgBi/q68fA+G7GX5VhTEwwRjxphvXsTubffOMyf0B7AHhAJKU+meZ2NYDvbFNPPqD3rqjubhn1OM4aTwX9GqUqZ2n9vYiP14yeGwvfKqP6Bm/cA429kqI+nTZlhHPlWXkvfXaYrcYWu+U4UaaeAUE+GFGD/ds7X3BSXF6G96U8prJ/D4HVkMetW/Pslh36NncHxcPtboUVww== bruantleo@gmail.com\n",
                "username": "terraform_azure_user"
              }
            ],
            "admin_username": "terraform_azure_user",
            "allow_extension_operations": true,
            "availability_set_id": "",
            "boot_diagnostics": [],
            "computer_name": "azure-vm",
            "custom_data": null,
            "dedicated_host_group_id": "",
            "dedicated_host_id": "",
            "disable_password_authentication": true,
            "edge_zone": "",
            "encryption_at_host_enabled": false,
            "eviction_policy": "",
            "extensions_time_budget": "PT1H30M",
            "id": "/subscriptions/e3c97b28-213c-4306-9b20-df3f29866c58/resourceGroups/azure-resources/providers/Microsoft.Compute/virtualMachines/azure-vm",
            "identity": [],
            "license_type": "",
            "location": "francecentral",
            "max_bid_price": -1,
            "name": "azure-vm",
            "network_interface_ids": [
              "/subscriptions/e3c97b28-213c-4306-9b20-df3f29866c58/resourceGroups/azure-resources/providers/Microsoft.Network/networkInterfaces/azure-nic"
            ],
            "os_disk": [
              {
                "caching": "ReadWrite",
                "diff_disk_settings": [],
                "disk_encryption_set_id": "",
                "disk_size_gb": 30,
                "name": "azure-vm_OsDisk_1_fe259d80665e44458d37d886c5ca6df4",
                "storage_account_type": "Standard_LRS",
                "write_accelerator_enabled": false
              }
            ],
            "patch_mode": "ImageDefault",
            "plan": [],
            "platform_fault_domain": -1,
            "priority": "Regular",
            "private_ip_address": "10.0.2.4",
            "private_ip_addresses": [
              "10.0.2.4"
            ],
            "provision_vm_agent": true,
            "proximity_placement_group_id": "",
            "public_ip_address": "52.143.142.241",
            "public_ip_addresses": [
              "52.143.142.241"
            ],
            "resource_group_name": "azure-resources",
            "secret": [],
            "secure_boot_enabled": false,
            "size": "Standard_D2s_v3",
            "source_image_id": "",
            "source_image_reference": [
              {
                "offer": "0001-com-ubuntu-server-jammy",
                "publisher": "Canonical",
                "sku": "22_04-lts",
                "version": "latest"
              }
            ],
            "tags": null,
            "termination_notification": null,
            "timeouts": null,
            "user_data": "",
            "virtual_machine_id": "88c9ea80-eac9-4d4c-8345-fbd9f55aafc5",
            "virtual_machine_scale_set_id": "",
            "vtpm_enabled": false,
            "zone": ""
          },
          "sensitive_attributes": [
            [
              {
                "type": "get_attr",
                "value": "admin_password"
              }
            ],
            [
              {
                "type": "get_attr",
                "value": "custom_data"
              }
            ]
          ],
          "private": "eyJlMmJmYjczMC1lY2FhLTExZTYtOGY4OC0zNDM2M2JjN2M0YzAiOnsiY3JlYXRlIjoyNzAwMDAwMDAwMDAwLCJkZWxldGUiOjI3MDAwMDAwMDAwMDAsInJlYWQiOjMwMDAwMDAwMDAwMCwidXBkYXRlIjoyNzAwMDAwMDAwMDAwfX0=",
          "dependencies": [
            "azurerm_network_interface.main",
            "azurerm_public_ip.main",
            "azurerm_resource_group.main",
            "azurerm_ssh_public_key.main",
            "azurerm_subnet.internal",
            "azurerm_virtual_network.main"
          ]
        }
      ]
    },
    {
      "mode": "managed",
      "type": "azurerm_network_interface",
      "name": "main",
      "provider": "provider[\"registry.terraform.io/hashicorp/azurerm\"]",
      "instances": [
        {
          "schema_version": 0,
          "attributes": {
            "applied_dns_servers": [],
            "dns_servers": [],
            "edge_zone": "",
            "enable_accelerated_networking": false,
            "enable_ip_forwarding": false,
            "id": "/subscriptions/e3c97b28-213c-4306-9b20-df3f29866c58/resourceGroups/azure-resources/providers/Microsoft.Network/networkInterfaces/azure-nic",
            "internal_dns_name_label": "",
            "internal_domain_name_suffix": "fixw3hec5zcubof1zuvkp2zzdc.parx.internal.cloudapp.net",
            "ip_configuration": [
              {
                "gateway_load_balancer_frontend_ip_configuration_id": "",
                "name": "internal",
                "primary": true,
                "private_ip_address": "10.0.2.4",
                "private_ip_address_allocation": "Dynamic",
                "private_ip_address_version": "IPv4",
                "public_ip_address_id": "/subscriptions/e3c97b28-213c-4306-9b20-df3f29866c58/resourceGroups/azure-resources/providers/Microsoft.Network/publicIPAddresses/azure-ip",
                "subnet_id": "/subscriptions/e3c97b28-213c-4306-9b20-df3f29866c58/resourceGroups/azure-resources/providers/Microsoft.Network/virtualNetworks/azure-network/subnets/internal"
              }
            ],
            "location": "francecentral",
            "mac_address": "",
            "name": "azure-nic",
            "private_ip_address": "10.0.2.4",
            "private_ip_addresses": [
              "10.0.2.4"
            ],
            "resource_group_name": "azure-resources",
            "tags": {},
            "timeouts": null,
            "virtual_machine_id": ""
          },
          "sensitive_attributes": [],
          "private": "eyJlMmJmYjczMC1lY2FhLTExZTYtOGY4OC0zNDM2M2JjN2M0YzAiOnsiY3JlYXRlIjoxODAwMDAwMDAwMDAwLCJkZWxldGUiOjE4MDAwMDAwMDAwMDAsInJlYWQiOjMwMDAwMDAwMDAwMCwidXBkYXRlIjoxODAwMDAwMDAwMDAwfX0=",
          "dependencies": [
            "azurerm_public_ip.main",
            "azurerm_resource_group.main",
            "azurerm_subnet.internal",
            "azurerm_virtual_network.main"
          ]
        }
      ]
    },
    {
      "mode": "managed",
      "type": "azurerm_network_security_group",
      "name": "main",
      "provider": "provider[\"registry.terraform.io/hashicorp/azurerm\"]",
      "instances": [
        {
          "schema_version": 0,
          "attributes": {
            "id": "/subscriptions/e3c97b28-213c-4306-9b20-df3f29866c58/resourceGroups/azure-resources/providers/Microsoft.Network/networkSecurityGroups/azure-nsg",
            "location": "francecentral",
            "name": "azure-nsg",
            "resource_group_name": "azure-resources",
            "security_rule": [
              {
                "access": "Allow",
                "description": "",
                "destination_address_prefix": "*",
                "destination_address_prefixes": [],
                "destination_application_security_group_ids": [],
                "destination_port_range": "*",
                "destination_port_ranges": [],
                "direction": "Outbound",
                "name": "azure-nsg-rule",
                "priority": 100,
                "protocol": "Tcp",
                "source_address_prefix": "*",
                "source_address_prefixes": [],
                "source_application_security_group_ids": [],
                "source_port_range": "",
                "source_port_ranges": [
                  "443",
                  "80"
                ]
              }
            ],
            "tags": {},
            "timeouts": null
          },
          "sensitive_attributes": [],
          "private": "eyJlMmJmYjczMC1lY2FhLTExZTYtOGY4OC0zNDM2M2JjN2M0YzAiOnsiY3JlYXRlIjoxODAwMDAwMDAwMDAwLCJkZWxldGUiOjE4MDAwMDAwMDAwMDAsInJlYWQiOjMwMDAwMDAwMDAwMCwidXBkYXRlIjoxODAwMDAwMDAwMDAwfX0=",
          "dependencies": [
            "azurerm_resource_group.main"
          ]
        }
      ]
    },
    {
      "mode": "managed",
      "type": "azurerm_network_security_rule",
      "name": "main",
      "provider": "provider[\"registry.terraform.io/hashicorp/azurerm\"]",
      "instances": [
        {
          "schema_version": 0,
          "attributes": {
            "access": "Allow",
            "description": "",
            "destination_address_prefix": "*",
            "destination_address_prefixes": [],
            "destination_application_security_group_ids": [],
            "destination_port_range": "*",
            "destination_port_ranges": [],
            "direction": "Outbound",
            "id": "/subscriptions/e3c97b28-213c-4306-9b20-df3f29866c58/resourceGroups/azure-resources/providers/Microsoft.Network/networkSecurityGroups/azure-nsg/securityRules/azure-nsg-rule",
            "name": "azure-nsg-rule",
            "network_security_group_name": "azure-nsg",
            "priority": 100,
            "protocol": "Tcp",
            "resource_group_name": "azure-resources",
            "source_address_prefix": "*",
            "source_address_prefixes": [],
            "source_application_security_group_ids": [],
            "source_port_range": "",
            "source_port_ranges": [
              "443",
              "80"
            ],
            "timeouts": null
          },
          "sensitive_attributes": [],
          "private": "eyJlMmJmYjczMC1lY2FhLTExZTYtOGY4OC0zNDM2M2JjN2M0YzAiOnsiY3JlYXRlIjoxODAwMDAwMDAwMDAwLCJkZWxldGUiOjE4MDAwMDAwMDAwMDAsInJlYWQiOjMwMDAwMDAwMDAwMCwidXBkYXRlIjoxODAwMDAwMDAwMDAwfX0=",
          "dependencies": [
            "azurerm_network_security_group.main",
            "azurerm_resource_group.main"
          ]
        }
      ]
    },
    {
      "mode": "managed",
      "type": "azurerm_public_ip",
      "name": "main",
      "provider": "provider[\"registry.terraform.io/hashicorp/azurerm\"]",
      "instances": [
        {
          "schema_version": 0,
          "attributes": {
            "allocation_method": "Static",
            "domain_name_label": null,
            "edge_zone": "",
            "fqdn": null,
            "id": "/subscriptions/e3c97b28-213c-4306-9b20-df3f29866c58/resourceGroups/azure-resources/providers/Microsoft.Network/publicIPAddresses/azure-ip",
            "idle_timeout_in_minutes": 4,
            "ip_address": "52.143.142.241",
            "ip_tags": {},
            "ip_version": "IPv4",
            "location": "francecentral",
            "name": "azure-ip",
            "public_ip_prefix_id": null,
            "resource_group_name": "azure-resources",
            "reverse_fqdn": null,
            "sku": "Basic",
            "sku_tier": "Regional",
            "tags": {
              "environment": "Production"
            },
            "timeouts": null,
            "zones": []
          },
          "sensitive_attributes": [],
          "private": "eyJlMmJmYjczMC1lY2FhLTExZTYtOGY4OC0zNDM2M2JjN2M0YzAiOnsiY3JlYXRlIjoxODAwMDAwMDAwMDAwLCJkZWxldGUiOjE4MDAwMDAwMDAwMDAsInJlYWQiOjMwMDAwMDAwMDAwMCwidXBkYXRlIjoxODAwMDAwMDAwMDAwfX0=",
          "dependencies": [
            "azurerm_resource_group.main"
          ]
        }
      ]
    },
    {
      "mode": "managed",
      "type": "azurerm_resource_group",
      "name": "main",
      "provider": "provider[\"registry.terraform.io/hashicorp/azurerm\"]",
      "instances": [
        {
          "schema_version": 0,
          "attributes": {
            "id": "/subscriptions/e3c97b28-213c-4306-9b20-df3f29866c58/resourceGroups/azure-resources",
            "location": "francecentral",
            "name": "azure-resources",
            "tags": {},
            "timeouts": null
          },
          "sensitive_attributes": [],
          "private": "eyJlMmJmYjczMC1lY2FhLTExZTYtOGY4OC0zNDM2M2JjN2M0YzAiOnsiY3JlYXRlIjo1NDAwMDAwMDAwMDAwLCJkZWxldGUiOjU0MDAwMDAwMDAwMDAsInJlYWQiOjMwMDAwMDAwMDAwMCwidXBkYXRlIjo1NDAwMDAwMDAwMDAwfX0="
        }
      ]
    },
    {
      "mode": "managed",
      "type": "azurerm_ssh_public_key",
      "name": "main",
      "provider": "provider[\"registry.terraform.io/hashicorp/azurerm\"]",
      "instances": [
        {
          "schema_version": 0,
          "attributes": {
            "id": "/subscriptions/e3c97b28-213c-4306-9b20-df3f29866c58/resourceGroups/azure-resources/providers/Microsoft.Compute/sshPublicKeys/azure-ssh",
            "location": "francecentral",
            "name": "azure-ssh",
            "public_key": "ssh-rsa AAAAB3NzaC1yc2EAAAADAQABAAACAQCqjucnrRaNEpl7ZNy13KaasxFRD06iVVMSgufIw4QgxDpI7+jvO0hYR+ggcrjATsnFUzEByS0tCNrwgc83fRrFm3sN7bAq/2YNgu1xX4cN/wO4XF98P+4QC546/0XUkRpRCEhLee9AQLRS2we/9Gq38G39fPWzKZCKSdogwCr2lRn/nWGbMJV2EeXYL9ea4BVs8Kcg315YJ8USM1LeYBU4xcw2TEq1dHx5D6yCOZcab3FpCKmT/gEhAtMru+0wHNRkMP4Jp7PkOdDuJwKhPYllJKA7Cwta/behx8F1/iJCUJupQqHF4F5ZhHkCy4WfN7eFKHJ5Ui/PUga0umFqXgMDVDcnZkNvsQ7Xne2+GttZWBvAYeS3X9dwyAkTwsZE7W7nHNkyCjgAAY5xoSynisrFSu3bNS1nOwWkd8W5MjqBZR/gjlNipEWvhMU0mVXkPeIgGXOgcy07+REBH92Z+2InZYT23Bx+TNOgBi/q68fA+G7GX5VhTEwwRjxphvXsTubffOMyf0B7AHhAJKU+meZ2NYDvbFNPPqD3rqjubhn1OM4aTwX9GqUqZ2n9vYiP14yeGwvfKqP6Bm/cA429kqI+nTZlhHPlWXkvfXaYrcYWu+U4UaaeAUE+GFGD/ds7X3BSXF6G96U8prJ/D4HVkMetW/Pslh36NncHxcPtboUVww== bruantleo@gmail.com\n",
            "resource_group_name": "azure-resources",
            "tags": {},
            "timeouts": null
          },
          "sensitive_attributes": [],
          "private": "eyJlMmJmYjczMC1lY2FhLTExZTYtOGY4OC0zNDM2M2JjN2M0YzAiOnsiY3JlYXRlIjoyNzAwMDAwMDAwMDAwLCJkZWxldGUiOjI3MDAwMDAwMDAwMDAsInJlYWQiOjMwMDAwMDAwMDAwMCwidXBkYXRlIjoyNzAwMDAwMDAwMDAwfX0=",
          "dependencies": [
            "azurerm_resource_group.main"
          ]
        }
      ]
    },
    {
      "mode": "managed",
      "type": "azurerm_subnet",
      "name": "internal",
      "provider": "provider[\"registry.terraform.io/hashicorp/azurerm\"]",
      "instances": [
        {
          "schema_version": 0,
          "attributes": {
            "address_prefixes": [
              "10.0.2.0/24"
            ],
            "delegation": [],
            "enforce_private_link_endpoint_network_policies": false,
            "enforce_private_link_service_network_policies": false,
            "id": "/subscriptions/e3c97b28-213c-4306-9b20-df3f29866c58/resourceGroups/azure-resources/providers/Microsoft.Network/virtualNetworks/azure-network/subnets/internal",
            "name": "internal",
            "resource_group_name": "azure-resources",
            "service_endpoint_policy_ids": [],
            "service_endpoints": [],
            "timeouts": null,
            "virtual_network_name": "azure-network"
          },
          "sensitive_attributes": [],
          "private": "eyJlMmJmYjczMC1lY2FhLTExZTYtOGY4OC0zNDM2M2JjN2M0YzAiOnsiY3JlYXRlIjoxODAwMDAwMDAwMDAwLCJkZWxldGUiOjE4MDAwMDAwMDAwMDAsInJlYWQiOjMwMDAwMDAwMDAwMCwidXBkYXRlIjoxODAwMDAwMDAwMDAwfX0=",
          "dependencies": [
            "azurerm_resource_group.main",
            "azurerm_virtual_network.main"
          ]
        }
      ]
    },
    {
      "mode": "managed",
      "type": "azurerm_virtual_network",
      "name": "main",
      "provider": "provider[\"registry.terraform.io/hashicorp/azurerm\"]",
      "instances": [
        {
          "schema_version": 0,
          "attributes": {
            "address_space": [
              "10.0.0.0/22"
            ],
            "bgp_community": "",
            "ddos_protection_plan": [],
            "dns_servers": [],
            "edge_zone": "",
            "flow_timeout_in_minutes": 0,
            "guid": "9c6e2f2a-fe82-4045-b8bb-cd2aa7f3391a",
            "id": "/subscriptions/e3c97b28-213c-4306-9b20-df3f29866c58/resourceGroups/azure-resources/providers/Microsoft.Network/virtualNetworks/azure-network",
            "location": "francecentral",
            "name": "azure-network",
            "resource_group_name": "azure-resources",
            "subnet": [
              {
                "address_prefix": "10.0.2.0/24",
                "id": "/subscriptions/e3c97b28-213c-4306-9b20-df3f29866c58/resourceGroups/azure-resources/providers/Microsoft.Network/virtualNetworks/azure-network/subnets/internal",
                "name": "internal",
                "security_group": ""
              }
            ],
            "tags": {},
            "timeouts": null
          },
          "sensitive_attributes": [],
          "private": "eyJlMmJmYjczMC1lY2FhLTExZTYtOGY4OC0zNDM2M2JjN2M0YzAiOnsiY3JlYXRlIjoxODAwMDAwMDAwMDAwLCJkZWxldGUiOjE4MDAwMDAwMDAwMDAsInJlYWQiOjMwMDAwMDAwMDAwMCwidXBkYXRlIjoxODAwMDAwMDAwMDAwfX0=",
          "dependencies": [
            "azurerm_resource_group.main"
          ]
        }
      ]
    },
    {
      "mode": "managed",
      "type": "null_resource",
      "name": "startup",
      "provider": "provider[\"registry.terraform.io/hashicorp/null\"]",
      "instances": [
        {
          "schema_version": 0,
          "attributes": {
            "id": "1906113193019072009",
            "triggers": {
              "startup": "#!/bin/bash\n\nsudo apt install git nodejs -y\n\ngit clone https://github.com/LeoBruant/terraform \u0026\u0026 cd terraform\n\nnpm run build\n\nexit 0\n"
            }
          },
          "sensitive_attributes": [],
          "dependencies": [
            "azurerm_linux_virtual_machine.main",
            "azurerm_network_interface.main",
            "azurerm_public_ip.main",
            "azurerm_resource_group.main",
            "azurerm_ssh_public_key.main",
            "azurerm_subnet.internal",
            "azurerm_virtual_network.main"
          ]
        }
      ]
    }
  ],
  "check_results": null
}
